
Microsoft Visual Studio Solution File, Format Version 12.00
# Visual Studio Version 17
VisualStudioVersion = 17.10.35027.167
MinimumVisualStudioVersion = 10.0.40219.1
Project("{FAE04EC0-301F-11D3-BF4B-00C04F79EFBC}") = "CadastroAlunosForms", "CadastroAlunosForms\CadastroAlunosForms.csproj", "{CC74F73A-2292-417F-9D6D-AC02FA872413}"
EndProject
Global
	GlobalSection(SolutionConfigurationPlatforms) = preSolution
		Debug|Any CPU = Debug|Any CPU
		Release|Any CPU = Release|Any CPU
	EndGlobalSection
	GlobalSection(ProjectConfigurationPlatforms) = postSolution
		{CC74F73A-2292-417F-9D6D-AC02FA872413}.Debug|Any CPU.ActiveCfg = Debug|Any CPU
		{CC74F73A-2292-417F-9D6D-AC02FA872413}.Debug|Any CPU.Build.0 = Debug|Any CPU
		{CC74F73A-2292-417F-9D6D-AC02FA872413}.Release|Any CPU.ActiveCfg = Release|Any CPU
		{CC74F73A-2292-417F-9D6D-AC02FA872413}.Release|Any CPU.Build.0 = Release|Any CPU
	EndGlobalSection
	GlobalSection(SolutionProperties) = preSolution
		HideSolutionNode = FALSE
	EndGlobalSection
	GlobalSection(ExtensibilityGlobals) = postSolution
		SolutionGuid = {E8B6E61F-F58A-430B-B231-924774C89104}
	EndGlobalSection
EndGlobal
